// !$*UTF8*$!
{
	archiveVersion = 1;
	classes = {
	};
	objectVersion = 46;
	objects = {

/* Begin PBXBuildFile section */
		541034F41A1255C600D4EB09 /* AppDelegate.swift in Sources */ = {isa = PBXBuildFile; fileRef = 541034F31A1255C600D4EB09 /* AppDelegate.swift */; };
		541034F71A1255C600D4EB09 /* Peaches.xcdatamodeld in Sources */ = {isa = PBXBuildFile; fileRef = 541034F51A1255C600D4EB09 /* Peaches.xcdatamodeld */; };
		541034FC1A1255C600D4EB09 /* Main.storyboard in Resources */ = {isa = PBXBuildFile; fileRef = 541034FA1A1255C600D4EB09 /* Main.storyboard */; };
		541034FE1A1255C600D4EB09 /* Images.xcassets in Resources */ = {isa = PBXBuildFile; fileRef = 541034FD1A1255C600D4EB09 /* Images.xcassets */; };
		541035011A1255C600D4EB09 /* LaunchScreen.xib in Resources */ = {isa = PBXBuildFile; fileRef = 541034FF1A1255C600D4EB09 /* LaunchScreen.xib */; };
		5410350D1A1255C600D4EB09 /* PeachesTests.swift in Sources */ = {isa = PBXBuildFile; fileRef = 5410350C1A1255C600D4EB09 /* PeachesTests.swift */; };
		544B13901A126D1A00FC0E2F /* AddressBook.framework in Frameworks */ = {isa = PBXBuildFile; fileRef = 544B138F1A126D1A00FC0E2F /* AddressBook.framework */; };
		544B13921A126D1E00FC0E2F /* AddressBookUI.framework in Frameworks */ = {isa = PBXBuildFile; fileRef = 544B13911A126D1E00FC0E2F /* AddressBookUI.framework */; };
		54BCEA991A13F68C00259549 /* ConvertABViewController.swift in Sources */ = {isa = PBXBuildFile; fileRef = 54BCEA981A13F68C00259549 /* ConvertABViewController.swift */; };
		54BCEA9B1A13F69C00259549 /* EditCredsViewController.swift in Sources */ = {isa = PBXBuildFile; fileRef = 54BCEA9A1A13F69C00259549 /* EditCredsViewController.swift */; };
		54BCEA9D1A13F6AF00259549 /* RemoveABViewController.swift in Sources */ = {isa = PBXBuildFile; fileRef = 54BCEA9C1A13F6AF00259549 /* RemoveABViewController.swift */; };
		54BCEA9F1A13F6BE00259549 /* HowToViewController.swift in Sources */ = {isa = PBXBuildFile; fileRef = 54BCEA9E1A13F6BE00259549 /* HowToViewController.swift */; };
		54BCEAA11A13FCAC00259549 /* ABManager.swift in Sources */ = {isa = PBXBuildFile; fileRef = 54BCEAA01A13FCAC00259549 /* ABManager.swift */; };
		54BCEAA51A13FF8E00259549 /* MainViewController.swift in Sources */ = {isa = PBXBuildFile; fileRef = 54BCEAA41A13FF8E00259549 /* MainViewController.swift */; };
		54E089A51A14180400BDC644 /* peach.png in Resources */ = {isa = PBXBuildFile; fileRef = 54E089A41A14180400BDC644 /* peach.png */; };
		54E089A71A1563B700BDC644 /* peach2.png in Resources */ = {isa = PBXBuildFile; fileRef = 54E089A61A1563B700BDC644 /* peach2.png */; };
		54E089B21A17991900BDC644 /* PeachInterface.h in Headers */ = {isa = PBXBuildFile; fileRef = 54E089B11A17991900BDC644 /* PeachInterface.h */; settings = {ATTRIBUTES = (Public, ); }; };
		54E089B81A17991900BDC644 /* PeachInterface.framework in Frameworks */ = {isa = PBXBuildFile; fileRef = 54E089AD1A17991900BDC644 /* PeachInterface.framework */; };
		54E089C11A17991900BDC644 /* PeachInterfaceTests.swift in Sources */ = {isa = PBXBuildFile; fileRef = 54E089C01A17991900BDC644 /* PeachInterfaceTests.swift */; };
		54E089C41A17991900BDC644 /* PeachInterface.framework in Frameworks */ = {isa = PBXBuildFile; fileRef = 54E089AD1A17991900BDC644 /* PeachInterface.framework */; };
		54E089C51A17991900BDC644 /* PeachInterface.framework in Embed Frameworks */ = {isa = PBXBuildFile; fileRef = 54E089AD1A17991900BDC644 /* PeachInterface.framework */; settings = {ATTRIBUTES = (CodeSignOnCopy, RemoveHeadersOnCopy, ); }; };
/* End PBXBuildFile section */

/* Begin PBXContainerItemProxy section */
		541035071A1255C600D4EB09 /* PBXContainerItemProxy */ = {
			isa = PBXContainerItemProxy;
			containerPortal = 541034E61A1255C500D4EB09 /* Project object */;
			proxyType = 1;
			remoteGlobalIDString = 541034ED1A1255C600D4EB09;
			remoteInfo = Peaches;
		};
		54E089B91A17991900BDC644 /* PBXContainerItemProxy */ = {
			isa = PBXContainerItemProxy;
			containerPortal = 541034E61A1255C500D4EB09 /* Project object */;
			proxyType = 1;
			remoteGlobalIDString = 54E089AC1A17991900BDC644;
			remoteInfo = PeachInterface;
		};
		54E089BB1A17991900BDC644 /* PBXContainerItemProxy */ = {
			isa = PBXContainerItemProxy;
			containerPortal = 541034E61A1255C500D4EB09 /* Project object */;
			proxyType = 1;
			remoteGlobalIDString = 541034ED1A1255C600D4EB09;
			remoteInfo = Peaches;
		};
		54E089C21A17991900BDC644 /* PBXContainerItemProxy */ = {
			isa = PBXContainerItemProxy;
			containerPortal = 541034E61A1255C500D4EB09 /* Project object */;
			proxyType = 1;
			remoteGlobalIDString = 54E089AC1A17991900BDC644;
			remoteInfo = PeachInterface;
		};
/* End PBXContainerItemProxy section */

/* Begin PBXCopyFilesBuildPhase section */
		54E089C91A17991900BDC644 /* Embed Frameworks */ = {
			isa = PBXCopyFilesBuildPhase;
			buildActionMask = 2147483647;
			dstPath = "";
			dstSubfolderSpec = 10;
			files = (
				54E089C51A17991900BDC644 /* PeachInterface.framework in Embed Frameworks */,
			);
			name = "Embed Frameworks";
			runOnlyForDeploymentPostprocessing = 0;
		};
/* End PBXCopyFilesBuildPhase section */

/* Begin PBXFileReference section */
		541034EE1A1255C600D4EB09 /* Peaches.app */ = {isa = PBXFileReference; explicitFileType = wrapper.application; includeInIndex = 0; path = Peaches.app; sourceTree = BUILT_PRODUCTS_DIR; };
		541034F21A1255C600D4EB09 /* Info.plist */ = {isa = PBXFileReference; lastKnownFileType = text.plist.xml; path = Info.plist; sourceTree = "<group>"; };
		541034F31A1255C600D4EB09 /* AppDelegate.swift */ = {isa = PBXFileReference; lastKnownFileType = sourcecode.swift; path = AppDelegate.swift; sourceTree = "<group>"; };
		541034F61A1255C600D4EB09 /* Peaches.xcdatamodel */ = {isa = PBXFileReference; lastKnownFileType = wrapper.xcdatamodel; path = Peaches.xcdatamodel; sourceTree = "<group>"; };
		541034FB1A1255C600D4EB09 /* Base */ = {isa = PBXFileReference; lastKnownFileType = file.storyboard; name = Base; path = Base.lproj/Main.storyboard; sourceTree = "<group>"; };
		541034FD1A1255C600D4EB09 /* Images.xcassets */ = {isa = PBXFileReference; lastKnownFileType = folder.assetcatalog; path = Images.xcassets; sourceTree = "<group>"; };
		541035001A1255C600D4EB09 /* Base */ = {isa = PBXFileReference; lastKnownFileType = file.xib; name = Base; path = Base.lproj/LaunchScreen.xib; sourceTree = "<group>"; };
		541035061A1255C600D4EB09 /* PeachesTests.xctest */ = {isa = PBXFileReference; explicitFileType = wrapper.cfbundle; includeInIndex = 0; path = PeachesTests.xctest; sourceTree = BUILT_PRODUCTS_DIR; };
		5410350B1A1255C600D4EB09 /* Info.plist */ = {isa = PBXFileReference; lastKnownFileType = text.plist.xml; path = Info.plist; sourceTree = "<group>"; };
		5410350C1A1255C600D4EB09 /* PeachesTests.swift */ = {isa = PBXFileReference; lastKnownFileType = sourcecode.swift; path = PeachesTests.swift; sourceTree = "<group>"; };
		544B138F1A126D1A00FC0E2F /* AddressBook.framework */ = {isa = PBXFileReference; lastKnownFileType = wrapper.framework; name = AddressBook.framework; path = System/Library/Frameworks/AddressBook.framework; sourceTree = SDKROOT; };
		544B13911A126D1E00FC0E2F /* AddressBookUI.framework */ = {isa = PBXFileReference; lastKnownFileType = wrapper.framework; name = AddressBookUI.framework; path = System/Library/Frameworks/AddressBookUI.framework; sourceTree = SDKROOT; };
		54BCEA981A13F68C00259549 /* ConvertABViewController.swift */ = {isa = PBXFileReference; fileEncoding = 4; lastKnownFileType = sourcecode.swift; path = ConvertABViewController.swift; sourceTree = "<group>"; };
		54BCEA9A1A13F69C00259549 /* EditCredsViewController.swift */ = {isa = PBXFileReference; fileEncoding = 4; lastKnownFileType = sourcecode.swift; path = EditCredsViewController.swift; sourceTree = "<group>"; };
		54BCEA9C1A13F6AF00259549 /* RemoveABViewController.swift */ = {isa = PBXFileReference; fileEncoding = 4; lastKnownFileType = sourcecode.swift; path = RemoveABViewController.swift; sourceTree = "<group>"; };
		54BCEA9E1A13F6BE00259549 /* HowToViewController.swift */ = {isa = PBXFileReference; fileEncoding = 4; lastKnownFileType = sourcecode.swift; path = HowToViewController.swift; sourceTree = "<group>"; };
		54BCEAA01A13FCAC00259549 /* ABManager.swift */ = {isa = PBXFileReference; fileEncoding = 4; lastKnownFileType = sourcecode.swift; path = ABManager.swift; sourceTree = "<group>"; };
		54BCEAA41A13FF8E00259549 /* MainViewController.swift */ = {isa = PBXFileReference; fileEncoding = 4; lastKnownFileType = sourcecode.swift; path = MainViewController.swift; sourceTree = "<group>"; };
		54E089A41A14180400BDC644 /* peach.png */ = {isa = PBXFileReference; lastKnownFileType = image.png; path = peach.png; sourceTree = "<group>"; };
		54E089A61A1563B700BDC644 /* peach2.png */ = {isa = PBXFileReference; lastKnownFileType = image.png; path = peach2.png; sourceTree = "<group>"; };
		54E089AD1A17991900BDC644 /* PeachInterface.framework */ = {isa = PBXFileReference; explicitFileType = wrapper.framework; includeInIndex = 0; path = PeachInterface.framework; sourceTree = BUILT_PRODUCTS_DIR; };
		54E089B01A17991900BDC644 /* Info.plist */ = {isa = PBXFileReference; lastKnownFileType = text.plist.xml; path = Info.plist; sourceTree = "<group>"; };
		54E089B11A17991900BDC644 /* PeachInterface.h */ = {isa = PBXFileReference; lastKnownFileType = sourcecode.c.h; path = PeachInterface.h; sourceTree = "<group>"; };
		54E089B71A17991900BDC644 /* PeachInterfaceTests.xctest */ = {isa = PBXFileReference; explicitFileType = wrapper.cfbundle; includeInIndex = 0; path = PeachInterfaceTests.xctest; sourceTree = BUILT_PRODUCTS_DIR; };
		54E089BF1A17991900BDC644 /* Info.plist */ = {isa = PBXFileReference; lastKnownFileType = text.plist.xml; path = Info.plist; sourceTree = "<group>"; };
		54E089C01A17991900BDC644 /* PeachInterfaceTests.swift */ = {isa = PBXFileReference; lastKnownFileType = sourcecode.swift; path = PeachInterfaceTests.swift; sourceTree = "<group>"; };
/* End PBXFileReference section */

/* Begin PBXFrameworksBuildPhase section */
		541034EB1A1255C600D4EB09 /* Frameworks */ = {
			isa = PBXFrameworksBuildPhase;
			buildActionMask = 2147483647;
			files = (
				54E089C41A17991900BDC644 /* PeachInterface.framework in Frameworks */,
				544B13921A126D1E00FC0E2F /* AddressBookUI.framework in Frameworks */,
				544B13901A126D1A00FC0E2F /* AddressBook.framework in Frameworks */,
			);
			runOnlyForDeploymentPostprocessing = 0;
		};
		541035031A1255C600D4EB09 /* Frameworks */ = {
			isa = PBXFrameworksBuildPhase;
			buildActionMask = 2147483647;
			files = (
			);
			runOnlyForDeploymentPostprocessing = 0;
		};
		54E089A91A17991900BDC644 /* Frameworks */ = {
			isa = PBXFrameworksBuildPhase;
			buildActionMask = 2147483647;
			files = (
			);
			runOnlyForDeploymentPostprocessing = 0;
		};
		54E089B41A17991900BDC644 /* Frameworks */ = {
			isa = PBXFrameworksBuildPhase;
			buildActionMask = 2147483647;
			files = (
				54E089B81A17991900BDC644 /* PeachInterface.framework in Frameworks */,
			);
			runOnlyForDeploymentPostprocessing = 0;
		};
/* End PBXFrameworksBuildPhase section */

/* Begin PBXGroup section */
		541034E51A1255C500D4EB09 = {
			isa = PBXGroup;
			children = (
				541034F01A1255C600D4EB09 /* Peaches */,
				541035091A1255C600D4EB09 /* PeachesTests */,
				541034EF1A1255C600D4EB09 /* Products */,
			);
			sourceTree = "<group>";
		};
		541034EF1A1255C600D4EB09 /* Products */ = {
			isa = PBXGroup;
			children = (
				541034EE1A1255C600D4EB09 /* Peaches.app */,
				541035061A1255C600D4EB09 /* PeachesTests.xctest */,
				54E089AD1A17991900BDC644 /* PeachInterface.framework */,
				54E089B71A17991900BDC644 /* PeachInterfaceTests.xctest */,
			);
			name = Products;
			sourceTree = "<group>";
		};
		541034F01A1255C600D4EB09 /* Peaches */ = {
			isa = PBXGroup;
			children = (
				54BCEAA41A13FF8E00259549 /* MainViewController.swift */,
				541034F31A1255C600D4EB09 /* AppDelegate.swift */,
				54BCEA981A13F68C00259549 /* ConvertABViewController.swift */,
				54BCEA9A1A13F69C00259549 /* EditCredsViewController.swift */,
				54BCEA9C1A13F6AF00259549 /* RemoveABViewController.swift */,
				54BCEA9E1A13F6BE00259549 /* HowToViewController.swift */,
				54BCEAA01A13FCAC00259549 /* ABManager.swift */,
				541034FA1A1255C600D4EB09 /* Main.storyboard */,
				54E089A61A1563B700BDC644 /* peach2.png */,
				54E089A41A14180400BDC644 /* peach.png */,
				541034FD1A1255C600D4EB09 /* Images.xcassets */,
				541034FF1A1255C600D4EB09 /* LaunchScreen.xib */,
				541034F51A1255C600D4EB09 /* Peaches.xcdatamodeld */,
				541034F11A1255C600D4EB09 /* Supporting Files */,
			);
			path = Peaches;
			sourceTree = "<group>";
		};
		541034F11A1255C600D4EB09 /* Supporting Files */ = {
			isa = PBXGroup;
			children = (
				54E089AE1A17991900BDC644 /* PeachInterface */,
				54E089BD1A17991900BDC644 /* PeachInterfaceTests */,
				544B13911A126D1E00FC0E2F /* AddressBookUI.framework */,
				544B138F1A126D1A00FC0E2F /* AddressBook.framework */,
				541034F21A1255C600D4EB09 /* Info.plist */,
			);
			name = "Supporting Files";
			sourceTree = "<group>";
		};
		541035091A1255C600D4EB09 /* PeachesTests */ = {
			isa = PBXGroup;
			children = (
				5410350C1A1255C600D4EB09 /* PeachesTests.swift */,
				5410350A1A1255C600D4EB09 /* Supporting Files */,
			);
			path = PeachesTests;
			sourceTree = "<group>";
		};
		5410350A1A1255C600D4EB09 /* Supporting Files */ = {
			isa = PBXGroup;
			children = (
				5410350B1A1255C600D4EB09 /* Info.plist */,
			);
			name = "Supporting Files";
			sourceTree = "<group>";
		};
		54E089AE1A17991900BDC644 /* PeachInterface */ = {
			isa = PBXGroup;
			children = (
				54E089B11A17991900BDC644 /* PeachInterface.h */,
				54E089AF1A17991900BDC644 /* Supporting Files */,
			);
			name = PeachInterface;
			path = ../PeachInterface;
			sourceTree = "<group>";
		};
		54E089AF1A17991900BDC644 /* Supporting Files */ = {
			isa = PBXGroup;
			children = (
				54E089B01A17991900BDC644 /* Info.plist */,
			);
			name = "Supporting Files";
			sourceTree = "<group>";
		};
		54E089BD1A17991900BDC644 /* PeachInterfaceTests */ = {
			isa = PBXGroup;
			children = (
				54E089C01A17991900BDC644 /* PeachInterfaceTests.swift */,
				54E089BE1A17991900BDC644 /* Supporting Files */,
			);
			name = PeachInterfaceTests;
			path = ../PeachInterfaceTests;
			sourceTree = "<group>";
		};
		54E089BE1A17991900BDC644 /* Supporting Files */ = {
			isa = PBXGroup;
			children = (
				54E089BF1A17991900BDC644 /* Info.plist */,
			);
			name = "Supporting Files";
			sourceTree = "<group>";
		};
/* End PBXGroup section */

/* Begin PBXHeadersBuildPhase section */
		54E089AA1A17991900BDC644 /* Headers */ = {
			isa = PBXHeadersBuildPhase;
			buildActionMask = 2147483647;
			files = (
				54E089B21A17991900BDC644 /* PeachInterface.h in Headers */,
			);
			runOnlyForDeploymentPostprocessing = 0;
		};
/* End PBXHeadersBuildPhase section */

/* Begin PBXNativeTarget section */
		541034ED1A1255C600D4EB09 /* Peaches */ = {
			isa = PBXNativeTarget;
			buildConfigurationList = 541035101A1255C600D4EB09 /* Build configuration list for PBXNativeTarget "Peaches" */;
			buildPhases = (
				541034EA1A1255C600D4EB09 /* Sources */,
				541034EB1A1255C600D4EB09 /* Frameworks */,
				541034EC1A1255C600D4EB09 /* Resources */,
				54E089C91A17991900BDC644 /* Embed Frameworks */,
			);
			buildRules = (
			);
			dependencies = (
				54E089C31A17991900BDC644 /* PBXTargetDependency */,
			);
			name = Peaches;
			productName = Peaches;
			productReference = 541034EE1A1255C600D4EB09 /* Peaches.app */;
			productType = "com.apple.product-type.application";
		};
		541035051A1255C600D4EB09 /* PeachesTests */ = {
			isa = PBXNativeTarget;
			buildConfigurationList = 541035131A1255C600D4EB09 /* Build configuration list for PBXNativeTarget "PeachesTests" */;
			buildPhases = (
				541035021A1255C600D4EB09 /* Sources */,
				541035031A1255C600D4EB09 /* Frameworks */,
				541035041A1255C600D4EB09 /* Resources */,
			);
			buildRules = (
			);
			dependencies = (
				541035081A1255C600D4EB09 /* PBXTargetDependency */,
			);
			name = PeachesTests;
			productName = PeachesTests;
			productReference = 541035061A1255C600D4EB09 /* PeachesTests.xctest */;
			productType = "com.apple.product-type.bundle.unit-test";
		};
		54E089AC1A17991900BDC644 /* PeachInterface */ = {
			isa = PBXNativeTarget;
			buildConfigurationList = 54E089C61A17991900BDC644 /* Build configuration list for PBXNativeTarget "PeachInterface" */;
			buildPhases = (
				54E089A81A17991900BDC644 /* Sources */,
				54E089A91A17991900BDC644 /* Frameworks */,
				54E089AA1A17991900BDC644 /* Headers */,
				54E089AB1A17991900BDC644 /* Resources */,
			);
			buildRules = (
			);
			dependencies = (
			);
			name = PeachInterface;
			productName = PeachInterface;
			productReference = 54E089AD1A17991900BDC644 /* PeachInterface.framework */;
			productType = "com.apple.product-type.framework";
		};
		54E089B61A17991900BDC644 /* PeachInterfaceTests */ = {
			isa = PBXNativeTarget;
			buildConfigurationList = 54E089CA1A17991900BDC644 /* Build configuration list for PBXNativeTarget "PeachInterfaceTests" */;
			buildPhases = (
				54E089B31A17991900BDC644 /* Sources */,
				54E089B41A17991900BDC644 /* Frameworks */,
				54E089B51A17991900BDC644 /* Resources */,
			);
			buildRules = (
			);
			dependencies = (
				54E089BA1A17991900BDC644 /* PBXTargetDependency */,
				54E089BC1A17991900BDC644 /* PBXTargetDependency */,
			);
			name = PeachInterfaceTests;
			productName = PeachInterfaceTests;
			productReference = 54E089B71A17991900BDC644 /* PeachInterfaceTests.xctest */;
			productType = "com.apple.product-type.bundle.unit-test";
		};
/* End PBXNativeTarget section */

/* Begin PBXProject section */
		541034E61A1255C500D4EB09 /* Project object */ = {
			isa = PBXProject;
			attributes = {
				LastUpgradeCheck = 0610;
				ORGANIZATIONNAME = "Axon Flux";
				TargetAttributes = {
					541034ED1A1255C600D4EB09 = {
						CreatedOnToolsVersion = 6.1;
						DevelopmentTeam = CUYMUDSGA4;
					};
					541035051A1255C600D4EB09 = {
						CreatedOnToolsVersion = 6.1;
						TestTargetID = 541034ED1A1255C600D4EB09;
					};
					54E089AC1A17991900BDC644 = {
						CreatedOnToolsVersion = 6.1;
						DevelopmentTeam = CUYMUDSGA4;
					};
					54E089B61A17991900BDC644 = {
						CreatedOnToolsVersion = 6.1;
						TestTargetID = 541034ED1A1255C600D4EB09;
					};
				};
			};
			buildConfigurationList = 541034E91A1255C500D4EB09 /* Build configuration list for PBXProject "Peaches" */;
			compatibilityVersion = "Xcode 3.2";
			developmentRegion = English;
			hasScannedForEncodings = 0;
			knownRegions = (
				en,
				Base,
			);
			mainGroup = 541034E51A1255C500D4EB09;
			productRefGroup = 541034EF1A1255C600D4EB09 /* Products */;
			projectDirPath = "";
			projectRoot = "";
			targets = (
				541034ED1A1255C600D4EB09 /* Peaches */,
				541035051A1255C600D4EB09 /* PeachesTests */,
				54E089AC1A17991900BDC644 /* PeachInterface */,
				54E089B61A17991900BDC644 /* PeachInterfaceTests */,
			);
		};
/* End PBXProject section */

/* Begin PBXResourcesBuildPhase section */
		541034EC1A1255C600D4EB09 /* Resources */ = {
			isa = PBXResourcesBuildPhase;
			buildActionMask = 2147483647;
			files = (
				54E089A71A1563B700BDC644 /* peach2.png in Resources */,
				541034FC1A1255C600D4EB09 /* Main.storyboard in Resources */,
				54E089A51A14180400BDC644 /* peach.png in Resources */,
				541035011A1255C600D4EB09 /* LaunchScreen.xib in Resources */,
				541034FE1A1255C600D4EB09 /* Images.xcassets in Resources */,
			);
			runOnlyForDeploymentPostprocessing = 0;
		};
		541035041A1255C600D4EB09 /* Resources */ = {
			isa = PBXResourcesBuildPhase;
			buildActionMask = 2147483647;
			files = (
			);
			runOnlyForDeploymentPostprocessing = 0;
		};
		54E089AB1A17991900BDC644 /* Resources */ = {
			isa = PBXResourcesBuildPhase;
			buildActionMask = 2147483647;
			files = (
			);
			runOnlyForDeploymentPostprocessing = 0;
		};
		54E089B51A17991900BDC644 /* Resources */ = {
			isa = PBXResourcesBuildPhase;
			buildActionMask = 2147483647;
			files = (
			);
			runOnlyForDeploymentPostprocessing = 0;
		};
/* End PBXResourcesBuildPhase section */

/* Begin PBXSourcesBuildPhase section */
		541034EA1A1255C600D4EB09 /* Sources */ = {
			isa = PBXSourcesBuildPhase;
			buildActionMask = 2147483647;
			files = (
				54BCEAA11A13FCAC00259549 /* ABManager.swift in Sources */,
				541034F41A1255C600D4EB09 /* AppDelegate.swift in Sources */,
				54BCEA9B1A13F69C00259549 /* EditCredsViewController.swift in Sources */,
				541034F71A1255C600D4EB09 /* Peaches.xcdatamodeld in Sources */,
				54BCEA991A13F68C00259549 /* ConvertABViewController.swift in Sources */,
				54BCEA9F1A13F6BE00259549 /* HowToViewController.swift in Sources */,
				54BCEA9D1A13F6AF00259549 /* RemoveABViewController.swift in Sources */,
				54BCEAA51A13FF8E00259549 /* MainViewController.swift in Sources */,
			);
			runOnlyForDeploymentPostprocessing = 0;
		};
		541035021A1255C600D4EB09 /* Sources */ = {
			isa = PBXSourcesBuildPhase;
			buildActionMask = 2147483647;
			files = (
				5410350D1A1255C600D4EB09 /* PeachesTests.swift in Sources */,
			);
			runOnlyForDeploymentPostprocessing = 0;
		};
		54E089A81A17991900BDC644 /* Sources */ = {
			isa = PBXSourcesBuildPhase;
			buildActionMask = 2147483647;
			files = (
			);
			runOnlyForDeploymentPostprocessing = 0;
		};
		54E089B31A17991900BDC644 /* Sources */ = {
			isa = PBXSourcesBuildPhase;
			buildActionMask = 2147483647;
			files = (
				54E089C11A17991900BDC644 /* PeachInterfaceTests.swift in Sources */,
			);
			runOnlyForDeploymentPostprocessing = 0;
		};
/* End PBXSourcesBuildPhase section */

/* Begin PBXTargetDependency section */
		541035081A1255C600D4EB09 /* PBXTargetDependency */ = {
			isa = PBXTargetDependency;
			target = 541034ED1A1255C600D4EB09 /* Peaches */;
			targetProxy = 541035071A1255C600D4EB09 /* PBXContainerItemProxy */;
		};
		54E089BA1A17991900BDC644 /* PBXTargetDependency */ = {
			isa = PBXTargetDependency;
			target = 54E089AC1A17991900BDC644 /* PeachInterface */;
			targetProxy = 54E089B91A17991900BDC644 /* PBXContainerItemProxy */;
		};
		54E089BC1A17991900BDC644 /* PBXTargetDependency */ = {
			isa = PBXTargetDependency;
			target = 541034ED1A1255C600D4EB09 /* Peaches */;
			targetProxy = 54E089BB1A17991900BDC644 /* PBXContainerItemProxy */;
		};
		54E089C31A17991900BDC644 /* PBXTargetDependency */ = {
			isa = PBXTargetDependency;
			target = 54E089AC1A17991900BDC644 /* PeachInterface */;
			targetProxy = 54E089C21A17991900BDC644 /* PBXContainerItemProxy */;
		};
/* End PBXTargetDependency section */

/* Begin PBXVariantGroup section */
		541034FA1A1255C600D4EB09 /* Main.storyboard */ = {
			isa = PBXVariantGroup;
			children = (
				541034FB1A1255C600D4EB09 /* Base */,
			);
			name = Main.storyboard;
			sourceTree = "<group>";
		};
		541034FF1A1255C600D4EB09 /* LaunchScreen.xib */ = {
			isa = PBXVariantGroup;
			children = (
				541035001A1255C600D4EB09 /* Base */,
			);
			name = LaunchScreen.xib;
			sourceTree = "<group>";
		};
/* End PBXVariantGroup section */

/* Begin XCBuildConfiguration section */
		5410350E1A1255C600D4EB09 /* Debug */ = {
			isa = XCBuildConfiguration;
			buildSettings = {
				ALWAYS_SEARCH_USER_PATHS = NO;
				CLANG_CXX_LANGUAGE_STANDARD = "gnu++0x";
				CLANG_CXX_LIBRARY = "libc++";
				CLANG_ENABLE_MODULES = YES;
				CLANG_ENABLE_OBJC_ARC = YES;
				CLANG_WARN_BOOL_CONVERSION = YES;
				CLANG_WARN_CONSTANT_CONVERSION = YES;
				CLANG_WARN_DIRECT_OBJC_ISA_USAGE = YES_ERROR;
				CLANG_WARN_EMPTY_BODY = YES;
				CLANG_WARN_ENUM_CONVERSION = YES;
				CLANG_WARN_INT_CONVERSION = YES;
				CLANG_WARN_OBJC_ROOT_CLASS = YES_ERROR;
				CLANG_WARN_UNREACHABLE_CODE = YES;
				CLANG_WARN__DUPLICATE_METHOD_MATCH = YES;
				"CODE_SIGN_IDENTITY[sdk=iphoneos*]" = "iPhone Developer";
				COPY_PHASE_STRIP = NO;
				ENABLE_STRICT_OBJC_MSGSEND = YES;
				GCC_C_LANGUAGE_STANDARD = gnu99;
				GCC_DYNAMIC_NO_PIC = NO;
				GCC_OPTIMIZATION_LEVEL = 0;
				GCC_PREPROCESSOR_DEFINITIONS = (
					"DEBUG=1",
					"$(inherited)",
				);
				GCC_SYMBOLS_PRIVATE_EXTERN = NO;
				GCC_WARN_64_TO_32_BIT_CONVERSION = YES;
				GCC_WARN_ABOUT_RETURN_TYPE = YES_ERROR;
				GCC_WARN_UNDECLARED_SELECTOR = YES;
				GCC_WARN_UNINITIALIZED_AUTOS = YES_AGGRESSIVE;
				GCC_WARN_UNUSED_FUNCTION = YES;
				GCC_WARN_UNUSED_VARIABLE = YES;
				IPHONEOS_DEPLOYMENT_TARGET = 8.1;
				MTL_ENABLE_DEBUG_INFO = YES;
				ONLY_ACTIVE_ARCH = YES;
				SDKROOT = iphoneos;
				SWIFT_OPTIMIZATION_LEVEL = "-Onone";
			};
			name = Debug;
		};
		5410350F1A1255C600D4EB09 /* Release */ = {
			isa = XCBuildConfiguration;
			buildSettings = {
				ALWAYS_SEARCH_USER_PATHS = NO;
				CLANG_CXX_LANGUAGE_STANDARD = "gnu++0x";
				CLANG_CXX_LIBRARY = "libc++";
				CLANG_ENABLE_MODULES = YES;
				CLANG_ENABLE_OBJC_ARC = YES;
				CLANG_WARN_BOOL_CONVERSION = YES;
				CLANG_WARN_CONSTANT_CONVERSION = YES;
				CLANG_WARN_DIRECT_OBJC_ISA_USAGE = YES_ERROR;
				CLANG_WARN_EMPTY_BODY = YES;
				CLANG_WARN_ENUM_CONVERSION = YES;
				CLANG_WARN_INT_CONVERSION = YES;
				CLANG_WARN_OBJC_ROOT_CLASS = YES_ERROR;
				CLANG_WARN_UNREACHABLE_CODE = YES;
				CLANG_WARN__DUPLICATE_METHOD_MATCH = YES;
				"CODE_SIGN_IDENTITY[sdk=iphoneos*]" = "iPhone Developer";
				COPY_PHASE_STRIP = YES;
				ENABLE_NS_ASSERTIONS = NO;
				ENABLE_STRICT_OBJC_MSGSEND = YES;
				GCC_C_LANGUAGE_STANDARD = gnu99;
				GCC_WARN_64_TO_32_BIT_CONVERSION = YES;
				GCC_WARN_ABOUT_RETURN_TYPE = YES_ERROR;
				GCC_WARN_UNDECLARED_SELECTOR = YES;
				GCC_WARN_UNINITIALIZED_AUTOS = YES_AGGRESSIVE;
				GCC_WARN_UNUSED_FUNCTION = YES;
				GCC_WARN_UNUSED_VARIABLE = YES;
				IPHONEOS_DEPLOYMENT_TARGET = 8.1;
				MTL_ENABLE_DEBUG_INFO = NO;
				SDKROOT = iphoneos;
				VALIDATE_PRODUCT = YES;
			};
			name = Release;
		};
		541035111A1255C600D4EB09 /* Debug */ = {
			isa = XCBuildConfiguration;
			buildSettings = {
				ASSETCATALOG_COMPILER_APPICON_NAME = AppIcon;
				INFOPLIST_FILE = Peaches/Info.plist;
				LD_RUNPATH_SEARCH_PATHS = "$(inherited) @executable_path/Frameworks";
				PRODUCT_NAME = "$(TARGET_NAME)";
			};
			name = Debug;
		};
		541035121A1255C600D4EB09 /* Release */ = {
			isa = XCBuildConfiguration;
			buildSettings = {
				ASSETCATALOG_COMPILER_APPICON_NAME = AppIcon;
				INFOPLIST_FILE = Peaches/Info.plist;
				LD_RUNPATH_SEARCH_PATHS = "$(inherited) @executable_path/Frameworks";
				PRODUCT_NAME = "$(TARGET_NAME)";
			};
			name = Release;
		};
		541035141A1255C600D4EB09 /* Debug */ = {
			isa = XCBuildConfiguration;
			buildSettings = {
				BUNDLE_LOADER = "$(TEST_HOST)";
				FRAMEWORK_SEARCH_PATHS = (
					"$(SDKROOT)/Developer/Library/Frameworks",
					"$(inherited)",
				);
				GCC_PREPROCESSOR_DEFINITIONS = (
					"DEBUG=1",
					"$(inherited)",
				);
				INFOPLIST_FILE = PeachesTests/Info.plist;
				LD_RUNPATH_SEARCH_PATHS = "$(inherited) @executable_path/Frameworks @loader_path/Frameworks";
				PRODUCT_NAME = "$(TARGET_NAME)";
				TEST_HOST = "$(BUILT_PRODUCTS_DIR)/Peaches.app/Peaches";
			};
			name = Debug;
		};
		541035151A1255C600D4EB09 /* Release */ = {
			isa = XCBuildConfiguration;
			buildSettings = {
				BUNDLE_LOADER = "$(TEST_HOST)";
				FRAMEWORK_SEARCH_PATHS = (
					"$(SDKROOT)/Developer/Library/Frameworks",
					"$(inherited)",
				);
				INFOPLIST_FILE = PeachesTests/Info.plist;
				LD_RUNPATH_SEARCH_PATHS = "$(inherited) @executable_path/Frameworks @loader_path/Frameworks";
				PRODUCT_NAME = "$(TARGET_NAME)";
				TEST_HOST = "$(BUILT_PRODUCTS_DIR)/Peaches.app/Peaches";
			};
			name = Release;
		};
		54E089C71A17991900BDC644 /* Debug */ = {
			isa = XCBuildConfiguration;
			buildSettings = {
				CURRENT_PROJECT_VERSION = 1;
				DEFINES_MODULE = YES;
				DYLIB_COMPATIBILITY_VERSION = 1;
				DYLIB_CURRENT_VERSION = 1;
				DYLIB_INSTALL_NAME_BASE = "@rpath";
				GCC_PREPROCESSOR_DEFINITIONS = (
					"DEBUG=1",
					"$(inherited)",
				);
				INFOPLIST_FILE = PeachInterface/Info.plist;
				INSTALL_PATH = "$(LOCAL_LIBRARY_DIR)/Frameworks";
				LD_RUNPATH_SEARCH_PATHS = "$(inherited) @executable_path/Frameworks @loader_path/Frameworks";
				PRODUCT_NAME = "$(TARGET_NAME)";
				SKIP_INSTALL = YES;
				TARGETED_DEVICE_FAMILY = "1,2";
				VERSIONING_SYSTEM = "apple-generic";
				VERSION_INFO_PREFIX = "";
			};
			name = Debug;
		};
		54E089C81A17991900BDC644 /* Release */ = {
			isa = XCBuildConfiguration;
			buildSettings = {
				CURRENT_PROJECT_VERSION = 1;
				DEFINES_MODULE = YES;
				DYLIB_COMPATIBILITY_VERSION = 1;
				DYLIB_CURRENT_VERSION = 1;
				DYLIB_INSTALL_NAME_BASE = "@rpath";
				INFOPLIST_FILE = PeachInterface/Info.plist;
				INSTALL_PATH = "$(LOCAL_LIBRARY_DIR)/Frameworks";
				LD_RUNPATH_SEARCH_PATHS = "$(inherited) @executable_path/Frameworks @loader_path/Frameworks";
				PRODUCT_NAME = "$(TARGET_NAME)";
				SKIP_INSTALL = YES;
				TARGETED_DEVICE_FAMILY = "1,2";
				VERSIONING_SYSTEM = "apple-generic";
				VERSION_INFO_PREFIX = "";
			};
			name = Release;
		};
		54E089CB1A17991900BDC644 /* Debug */ = {
			isa = XCBuildConfiguration;
			buildSettings = {
				FRAMEWORK_SEARCH_PATHS = (
					"$(SDKROOT)/Developer/Library/Frameworks",
					"$(inherited)",
				);
				GCC_PREPROCESSOR_DEFINITIONS = (
					"DEBUG=1",
					"$(inherited)",
				);
				INFOPLIST_FILE = PeachInterfaceTests/Info.plist;
				LD_RUNPATH_SEARCH_PATHS = "$(inherited) @executable_path/Frameworks @loader_path/Frameworks";
				PRODUCT_NAME = "$(TARGET_NAME)";
				TEST_HOST = "$(BUILT_PRODUCTS_DIR)/Peaches.app/Peaches";
			};
			name = Debug;
		};
		54E089CC1A17991900BDC644 /* Release */ = {
			isa = XCBuildConfiguration;
			buildSettings = {
				FRAMEWORK_SEARCH_PATHS = (
					"$(SDKROOT)/Developer/Library/Frameworks",
					"$(inherited)",
				);
				INFOPLIST_FILE = PeachInterfaceTests/Info.plist;
				LD_RUNPATH_SEARCH_PATHS = "$(inherited) @executable_path/Frameworks @loader_path/Frameworks";
				PRODUCT_NAME = "$(TARGET_NAME)";
				TEST_HOST = "$(BUILT_PRODUCTS_DIR)/Peaches.app/Peaches";
			};
			name = Release;
		};
/* End XCBuildConfiguration section */

/* Begin XCConfigurationList section */
		541034E91A1255C500D4EB09 /* Build configuration list for PBXProject "Peaches" */ = {
			isa = XCConfigurationList;
			buildConfigurations = (
				5410350E1A1255C600D4EB09 /* Debug */,
				5410350F1A1255C600D4EB09 /* Release */,
			);
			defaultConfigurationIsVisible = 0;
			defaultConfigurationName = Release;
		};
		541035101A1255C600D4EB09 /* Build configuration list for PBXNativeTarget "Peaches" */ = {
			isa = XCConfigurationList;
			buildConfigurations = (
				541035111A1255C600D4EB09 /* Debug */,
				541035121A1255C600D4EB09 /* Release */,
			);
			defaultConfigurationIsVisible = 0;
			defaultConfigurationName = Release;
		};
		541035131A1255C600D4EB09 /* Build configuration list for PBXNativeTarget "PeachesTests" */ = {
			isa = XCConfigurationList;
			buildConfigurations = (
				541035141A1255C600D4EB09 /* Debug */,
				541035151A1255C600D4EB09 /* Release */,
			);
			defaultConfigurationIsVisible = 0;
			defaultConfigurationName = Release;
		};
		54E089C61A17991900BDC644 /* Build configuration list for PBXNativeTarget "PeachInterface" */ = {
			isa = XCConfigurationList;
			buildConfigurations = (
				54E089C71A17991900BDC644 /* Debug */,
				54E089C81A17991900BDC644 /* Release */,
			);
			defaultConfigurationIsVisible = 0;
		};
		54E089CA1A17991900BDC644 /* Build configuration list for PBXNativeTarget "PeachInterfaceTests" */ = {
			isa = XCConfigurationList;
			buildConfigurations = (
				54E089CB1A17991900BDC644 /* Debug */,
				54E089CC1A17991900BDC644 /* Release */,
			);
			defaultConfigurationIsVisible = 0;
		};
/* End XCConfigurationList section */

/* Begin XCVersionGroup section */
		541034F51A1255C600D4EB09 /* Peaches.xcdatamodeld */ = {
			isa = XCVersionGroup;
			children = (
				541034F61A1255C600D4EB09 /* Peaches.xcdatamodel */,
			);
			currentVersion = 541034F61A1255C600D4EB09 /* Peaches.xcdatamodel */;
			path = Peaches.xcdatamodeld;
			sourceTree = "<group>";
			versionGroupType = wrapper.xcdatamodel;
		};
/* End XCVersionGroup section */
	};
	rootObject = 541034E61A1255C500D4EB09 /* Project object */;
}
